
Microsoft Visual Studio Solution File, Format Version 12.00
# Visual Studio Version 16
VisualStudioVersion = 16.0.29920.165
MinimumVisualStudioVersion = 10.0.40219.1
Project("{FAE04EC0-301F-11D3-BF4B-00C04F79EFBC}") = "GrpcGreeter", "GrpcGreeter\GrpcGreeter.csproj", "{ED1F32C2-4C66-4598-9ACE-A42DD0D7707F}"
EndProject
Global
	GlobalSection(SolutionConfigurationPlatforms) = preSolution
		Debug|Any CPU = Debug|Any CPU
		Release|Any CPU = Release|Any CPU
	EndGlobalSection
	GlobalSection(ProjectConfigurationPlatforms) = postSolution
		{ED1F32C2-4C66-4598-9ACE-A42DD0D7707F}.Debug|Any CPU.ActiveCfg = Debug|Any CPU
		{ED1F32C2-4C66-4598-9ACE-A42DD0D7707F}.Debug|Any CPU.Build.0 = Debug|Any CPU
		{ED1F32C2-4C66-4598-9ACE-A42DD0D7707F}.Release|Any CPU.ActiveCfg = Release|Any CPU
		{ED1F32C2-4C66-4598-9ACE-A42DD0D7707F}.Release|Any CPU.Build.0 = Release|Any CPU
	EndGlobalSection
	GlobalSection(SolutionProperties) = preSolution
		HideSolutionNode = FALSE
	EndGlobalSection
	GlobalSection(ExtensibilityGlobals) = postSolution
		SolutionGuid = {A801AB2E-6E81-4922-97D3-7B19CCBB40E9}
	EndGlobalSection
EndGlobal
