
Microsoft Visual Studio Solution File, Format Version 12.00
# Visual Studio Version 16
VisualStudioVersion = 16.0.29324.140
MinimumVisualStudioVersion = 10.0.40219.1
Project("{FAE04EC0-301F-11D3-BF4B-00C04F79EFBC}") = "EF_StudiiDeCaz", "EF_StudiiDeCaz\EF_StudiiDeCaz.csproj", "{120A26CD-F8A1-4E6E-932E-8E7EE2DEB354}"
EndProject
Global
	GlobalSection(SolutionConfigurationPlatforms) = preSolution
		Debug|Any CPU = Debug|Any CPU
		Release|Any CPU = Release|Any CPU
	EndGlobalSection
	GlobalSection(ProjectConfigurationPlatforms) = postSolution
		{120A26CD-F8A1-4E6E-932E-8E7EE2DEB354}.Debug|Any CPU.ActiveCfg = Debug|Any CPU
		{120A26CD-F8A1-4E6E-932E-8E7EE2DEB354}.Debug|Any CPU.Build.0 = Debug|Any CPU
		{120A26CD-F8A1-4E6E-932E-8E7EE2DEB354}.Release|Any CPU.ActiveCfg = Release|Any CPU
		{120A26CD-F8A1-4E6E-932E-8E7EE2DEB354}.Release|Any CPU.Build.0 = Release|Any CPU
	EndGlobalSection
	GlobalSection(SolutionProperties) = preSolution
		HideSolutionNode = FALSE
	EndGlobalSection
	GlobalSection(ExtensibilityGlobals) = postSolution
		SolutionGuid = {EB9600C3-4DEE-409B-8CDC-6C25CA2BA602}
	EndGlobalSection
EndGlobal
